
Microsoft Visual Studio Solution File, Format Version 12.00
# Visual Studio Version 17
VisualStudioVersion = 17.14.35821.62 d17.14
MinimumVisualStudioVersion = 10.0.40219.1
Project("{FAE04EC0-301F-11D3-BF4B-00C04F79EFBC}") = "Aplicacionmvcmysql", "Aplicacionmvcmysql\Aplicacionmvcmysql.csproj", "{3C132A38-EDA1-4A0A-B98E-40EA2BD10E3B}"
EndProject
Global
	GlobalSection(SolutionConfigurationPlatforms) = preSolution
		Debug|Any CPU = Debug|Any CPU
		Release|Any CPU = Release|Any CPU
	EndGlobalSection
	GlobalSection(ProjectConfigurationPlatforms) = postSolution
		{3C132A38-EDA1-4A0A-B98E-40EA2BD10E3B}.Debug|Any CPU.ActiveCfg = Debug|Any CPU
		{3C132A38-EDA1-4A0A-B98E-40EA2BD10E3B}.Debug|Any CPU.Build.0 = Debug|Any CPU
		{3C132A38-EDA1-4A0A-B98E-40EA2BD10E3B}.Release|Any CPU.ActiveCfg = Release|Any CPU
		{3C132A38-EDA1-4A0A-B98E-40EA2BD10E3B}.Release|Any CPU.Build.0 = Release|Any CPU
	EndGlobalSection
	GlobalSection(SolutionProperties) = preSolution
		HideSolutionNode = FALSE
	EndGlobalSection
	GlobalSection(ExtensibilityGlobals) = postSolution
		SolutionGuid = {5665688C-91DA-451A-B976-84C29779299E}
	EndGlobalSection
EndGlobal
